
Microsoft Visual Studio Solution File, Format Version 12.00
# Visual Studio Version 16
VisualStudioVersion = 16.0.30011.22
MinimumVisualStudioVersion = 10.0.40219.1
Project("{9A19103F-16F7-4668-BE54-9A1E7A4F7556}") = "CommitHash", "src\CommitHash.csproj", "{00BCFD1B-7271-4A31-AA1D-804C64C54B3C}"
EndProject
Global
	GlobalSection(SolutionConfigurationPlatforms) = preSolution
		Debug|Any CPU = Debug|Any CPU
		Release|Any CPU = Release|Any CPU
	EndGlobalSection
	GlobalSection(ProjectConfigurationPlatforms) = postSolution
		{00BCFD1B-7271-4A31-AA1D-804C64C54B3C}.Debug|Any CPU.ActiveCfg = Debug|Any CPU
		{00BCFD1B-7271-4A31-AA1D-804C64C54B3C}.Debug|Any CPU.Build.0 = Debug|Any CPU
		{00BCFD1B-7271-4A31-AA1D-804C64C54B3C}.Release|Any CPU.ActiveCfg = Release|Any CPU
		{00BCFD1B-7271-4A31-AA1D-804C64C54B3C}.Release|Any CPU.Build.0 = Release|Any CPU
	EndGlobalSection
	GlobalSection(SolutionProperties) = preSolution
		HideSolutionNode = FALSE
	EndGlobalSection
	GlobalSection(ExtensibilityGlobals) = postSolution
		SolutionGuid = {5E483F66-FF59-4DFB-BF31-B0FFB77263C9}
	EndGlobalSection
EndGlobal
